
Microsoft Visual Studio Solution File, Format Version 12.00
# Visual Studio Version 17
VisualStudioVersion = 17.7.34003.232
MinimumVisualStudioVersion = 10.0.40219.1
Project("{FAE04EC0-301F-11D3-BF4B-00C04F79EFBC}") = "Database", "Database\Database.csproj", "{5ECD32B6-C83D-4824-B318-D34A6EECEBE6}"
EndProject
Global
	GlobalSection(SolutionConfigurationPlatforms) = preSolution
		Debug|Any CPU = Debug|Any CPU
		Release|Any CPU = Release|Any CPU
	EndGlobalSection
	GlobalSection(ProjectConfigurationPlatforms) = postSolution
		{5ECD32B6-C83D-4824-B318-D34A6EECEBE6}.Debug|Any CPU.ActiveCfg = Debug|Any CPU
		{5ECD32B6-C83D-4824-B318-D34A6EECEBE6}.Debug|Any CPU.Build.0 = Debug|Any CPU
		{5ECD32B6-C83D-4824-B318-D34A6EECEBE6}.Release|Any CPU.ActiveCfg = Release|Any CPU
		{5ECD32B6-C83D-4824-B318-D34A6EECEBE6}.Release|Any CPU.Build.0 = Release|Any CPU
	EndGlobalSection
	GlobalSection(SolutionProperties) = preSolution
		HideSolutionNode = FALSE
	EndGlobalSection
	GlobalSection(ExtensibilityGlobals) = postSolution
		SolutionGuid = {538E5041-80F0-451B-99E0-64585EB403CA}
	EndGlobalSection
EndGlobal
